
Microsoft Visual Studio Solution File, Format Version 12.00
Project("{FAE04EC0-301F-11D3-BF4B-00C04F79EFBC}") = "PartialView.Example", "PartialView.Example\PartialView.Example.csproj", "{F2774B31-4C15-42D6-B114-50985640367F}"
EndProject
Global
	GlobalSection(SolutionConfigurationPlatforms) = preSolution
		Debug|Any CPU = Debug|Any CPU
		Release|Any CPU = Release|Any CPU
	EndGlobalSection
	GlobalSection(ProjectConfigurationPlatforms) = postSolution
		{F2774B31-4C15-42D6-B114-50985640367F}.Debug|Any CPU.ActiveCfg = Debug|Any CPU
		{F2774B31-4C15-42D6-B114-50985640367F}.Debug|Any CPU.Build.0 = Debug|Any CPU
		{F2774B31-4C15-42D6-B114-50985640367F}.Release|Any CPU.ActiveCfg = Release|Any CPU
		{F2774B31-4C15-42D6-B114-50985640367F}.Release|Any CPU.Build.0 = Release|Any CPU
	EndGlobalSection
EndGlobal
